
Microsoft Visual Studio Solution File, Format Version 12.00
# Visual Studio Version 17
VisualStudioVersion = 17.3.32819.101
MinimumVisualStudioVersion = 10.0.40219.1
Project("{9A19103F-16F7-4668-BE54-9A1E7A4F7556}") = "GeekShooping.Web", "GeekShooping.Web\GeekShooping.Web.csproj", "{1F286AF8-9EC1-4C94-9328-3BB6BA5BDF74}"
EndProject
Project("{2150E333-8FDC-42A3-9474-1A3956D46DE8}") = "FrontEnd", "FrontEnd", "{922ED047-DED2-4423-9E07-CE63EDE0815C}"
EndProject
Project("{2150E333-8FDC-42A3-9474-1A3956D46DE8}") = "Services", "Services", "{4A0FEABC-D1A0-4923-8DB0-B95CF8C0096A}"
EndProject
Project("{FAE04EC0-301F-11D3-BF4B-00C04F79EFBC}") = "GeekShooping.ProductApi", "..\GeekShooping.ProductApi\GeekShooping.ProductApi.csproj", "{928BB41F-B700-4D73-953E-E4A9E7047279}"
EndProject
Global
	GlobalSection(SolutionConfigurationPlatforms) = preSolution
		Debug|Any CPU = Debug|Any CPU
		Release|Any CPU = Release|Any CPU
	EndGlobalSection
	GlobalSection(ProjectConfigurationPlatforms) = postSolution
		{1F286AF8-9EC1-4C94-9328-3BB6BA5BDF74}.Debug|Any CPU.ActiveCfg = Debug|Any CPU
		{1F286AF8-9EC1-4C94-9328-3BB6BA5BDF74}.Debug|Any CPU.Build.0 = Debug|Any CPU
		{1F286AF8-9EC1-4C94-9328-3BB6BA5BDF74}.Release|Any CPU.ActiveCfg = Release|Any CPU
		{1F286AF8-9EC1-4C94-9328-3BB6BA5BDF74}.Release|Any CPU.Build.0 = Release|Any CPU
		{928BB41F-B700-4D73-953E-E4A9E7047279}.Debug|Any CPU.ActiveCfg = Debug|Any CPU
		{928BB41F-B700-4D73-953E-E4A9E7047279}.Debug|Any CPU.Build.0 = Debug|Any CPU
		{928BB41F-B700-4D73-953E-E4A9E7047279}.Release|Any CPU.ActiveCfg = Release|Any CPU
		{928BB41F-B700-4D73-953E-E4A9E7047279}.Release|Any CPU.Build.0 = Release|Any CPU
	EndGlobalSection
	GlobalSection(SolutionProperties) = preSolution
		HideSolutionNode = FALSE
	EndGlobalSection
	GlobalSection(NestedProjects) = preSolution
		{1F286AF8-9EC1-4C94-9328-3BB6BA5BDF74} = {922ED047-DED2-4423-9E07-CE63EDE0815C}
		{928BB41F-B700-4D73-953E-E4A9E7047279} = {4A0FEABC-D1A0-4923-8DB0-B95CF8C0096A}
	EndGlobalSection
	GlobalSection(ExtensibilityGlobals) = postSolution
		SolutionGuid = {88875383-0AB8-4473-A446-3197719F9BF1}
	EndGlobalSection
EndGlobal
